
Microsoft Visual Studio Solution File, Format Version 12.00
# Visual Studio Version 16
VisualStudioVersion = 16.0.29215.179
MinimumVisualStudioVersion = 10.0.40219.1
Project("{FAE04EC0-301F-11D3-BF4B-00C04F79EFBC}") = "SpringFeildReactor", "SpringFeildReactor\SpringFeildReactor.csproj", "{B2A34ABB-751B-4CAB-8743-859D9C9A25C7}"
EndProject
Global
	GlobalSection(SolutionConfigurationPlatforms) = preSolution
		Debug|Any CPU = Debug|Any CPU
		Release|Any CPU = Release|Any CPU
	EndGlobalSection
	GlobalSection(ProjectConfigurationPlatforms) = postSolution
		{B2A34ABB-751B-4CAB-8743-859D9C9A25C7}.Debug|Any CPU.ActiveCfg = Debug|Any CPU
		{B2A34ABB-751B-4CAB-8743-859D9C9A25C7}.Debug|Any CPU.Build.0 = Debug|Any CPU
		{B2A34ABB-751B-4CAB-8743-859D9C9A25C7}.Release|Any CPU.ActiveCfg = Release|Any CPU
		{B2A34ABB-751B-4CAB-8743-859D9C9A25C7}.Release|Any CPU.Build.0 = Release|Any CPU
	EndGlobalSection
	GlobalSection(SolutionProperties) = preSolution
		HideSolutionNode = FALSE
	EndGlobalSection
	GlobalSection(ExtensibilityGlobals) = postSolution
		SolutionGuid = {1164D63F-711E-4A25-A16C-C2A91CD546FA}
	EndGlobalSection
EndGlobal
